
Microsoft Visual Studio Solution File, Format Version 12.00
# Visual Studio 15
VisualStudioVersion = 15.0.28010.2041
MinimumVisualStudioVersion = 10.0.40219.1
Project("{FAE04EC0-301F-11D3-BF4B-00C04F79EFBC}") = "BeatDetectorTry", "BeatDetectorTry\BeatDetectorTry.csproj", "{7897002F-A45C-4ECC-AEFD-F9698D639A94}"
EndProject
Project("{FAE04EC0-301F-11D3-BF4B-00C04F79EFBC}") = "SequenceFinder", "SequenceFinder\SequenceFinder.csproj", "{EE853F24-7DB9-49A2-850D-96CC135A4517}"
EndProject
Project("{FAE04EC0-301F-11D3-BF4B-00C04F79EFBC}") = "BeatDetectorHost", "BeatDetectorHost\BeatDetectorHost.csproj", "{6790A469-1127-4697-965E-6CDC72921D0F}"
EndProject
Global
	GlobalSection(SolutionConfigurationPlatforms) = preSolution
		Debug|Any CPU = Debug|Any CPU
		Release|Any CPU = Release|Any CPU
	EndGlobalSection
	GlobalSection(ProjectConfigurationPlatforms) = postSolution
		{7897002F-A45C-4ECC-AEFD-F9698D639A94}.Debug|Any CPU.ActiveCfg = Debug|Any CPU
		{7897002F-A45C-4ECC-AEFD-F9698D639A94}.Debug|Any CPU.Build.0 = Debug|Any CPU
		{7897002F-A45C-4ECC-AEFD-F9698D639A94}.Release|Any CPU.ActiveCfg = Release|Any CPU
		{7897002F-A45C-4ECC-AEFD-F9698D639A94}.Release|Any CPU.Build.0 = Release|Any CPU
		{EE853F24-7DB9-49A2-850D-96CC135A4517}.Debug|Any CPU.ActiveCfg = Debug|Any CPU
		{EE853F24-7DB9-49A2-850D-96CC135A4517}.Debug|Any CPU.Build.0 = Debug|Any CPU
		{EE853F24-7DB9-49A2-850D-96CC135A4517}.Release|Any CPU.ActiveCfg = Release|Any CPU
		{EE853F24-7DB9-49A2-850D-96CC135A4517}.Release|Any CPU.Build.0 = Release|Any CPU
		{6790A469-1127-4697-965E-6CDC72921D0F}.Debug|Any CPU.ActiveCfg = Debug|Any CPU
		{6790A469-1127-4697-965E-6CDC72921D0F}.Debug|Any CPU.Build.0 = Debug|Any CPU
		{6790A469-1127-4697-965E-6CDC72921D0F}.Release|Any CPU.ActiveCfg = Release|Any CPU
		{6790A469-1127-4697-965E-6CDC72921D0F}.Release|Any CPU.Build.0 = Release|Any CPU
	EndGlobalSection
	GlobalSection(SolutionProperties) = preSolution
		HideSolutionNode = FALSE
	EndGlobalSection
	GlobalSection(ExtensibilityGlobals) = postSolution
		SolutionGuid = {FDA7AFB6-31E4-4D2A-942E-8B2038560232}
	EndGlobalSection
EndGlobal
